
Microsoft Visual Studio Solution File, Format Version 12.00
# Visual Studio Version 16
VisualStudioVersion = 16.0.29911.84
MinimumVisualStudioVersion = 10.0.40219.1
Project("{FAE04EC0-301F-11D3-BF4B-00C04F79EFBC}") = "PhishingApp", "PhishingApp\PhishingApp.csproj", "{C78E3E4F-E182-4570-970F-37EFCB099A25}"
EndProject
Project("{FAE04EC0-301F-11D3-BF4B-00C04F79EFBC}") = "WebsiteDummy", "WebsiteDummy\WebsiteDummy.csproj", "{8C7A7E71-DAC9-4201-B709-4DDE02C19551}"
EndProject
Project("{FAE04EC0-301F-11D3-BF4B-00C04F79EFBC}") = "Common", "Contracts\Common.csproj", "{3C75EBEB-CB1F-4516-AA37-B1BAFFC03A5C}"
EndProject
Project("{2150E333-8FDC-42A3-9474-1A3956D46DE8}") = "Solution Items", "Solution Items", "{95133246-351E-4A31-BDEB-2B9AF5216D47}"
	ProjectSection(SolutionItems) = preProject
		..\..\..\..\..\Desktop\Dokumentacija\DokumentacijaSBES.docx = ..\..\..\..\..\Desktop\Dokumentacija\DokumentacijaSBES.docx
	EndProjectSection
EndProject
Global
	GlobalSection(SolutionConfigurationPlatforms) = preSolution
		Debug|Any CPU = Debug|Any CPU
		Release|Any CPU = Release|Any CPU
	EndGlobalSection
	GlobalSection(ProjectConfigurationPlatforms) = postSolution
		{C78E3E4F-E182-4570-970F-37EFCB099A25}.Debug|Any CPU.ActiveCfg = Debug|Any CPU
		{C78E3E4F-E182-4570-970F-37EFCB099A25}.Debug|Any CPU.Build.0 = Debug|Any CPU
		{C78E3E4F-E182-4570-970F-37EFCB099A25}.Release|Any CPU.ActiveCfg = Release|Any CPU
		{C78E3E4F-E182-4570-970F-37EFCB099A25}.Release|Any CPU.Build.0 = Release|Any CPU
		{8C7A7E71-DAC9-4201-B709-4DDE02C19551}.Debug|Any CPU.ActiveCfg = Debug|Any CPU
		{8C7A7E71-DAC9-4201-B709-4DDE02C19551}.Debug|Any CPU.Build.0 = Debug|Any CPU
		{8C7A7E71-DAC9-4201-B709-4DDE02C19551}.Release|Any CPU.ActiveCfg = Release|Any CPU
		{8C7A7E71-DAC9-4201-B709-4DDE02C19551}.Release|Any CPU.Build.0 = Release|Any CPU
		{3C75EBEB-CB1F-4516-AA37-B1BAFFC03A5C}.Debug|Any CPU.ActiveCfg = Debug|Any CPU
		{3C75EBEB-CB1F-4516-AA37-B1BAFFC03A5C}.Debug|Any CPU.Build.0 = Debug|Any CPU
		{3C75EBEB-CB1F-4516-AA37-B1BAFFC03A5C}.Release|Any CPU.ActiveCfg = Release|Any CPU
		{3C75EBEB-CB1F-4516-AA37-B1BAFFC03A5C}.Release|Any CPU.Build.0 = Release|Any CPU
	EndGlobalSection
	GlobalSection(SolutionProperties) = preSolution
		HideSolutionNode = FALSE
	EndGlobalSection
	GlobalSection(ExtensibilityGlobals) = postSolution
		SolutionGuid = {BF718628-B3E9-4F5C-90E4-83F55C8F084B}
	EndGlobalSection
EndGlobal
